{
    "_readme": [
        "This file locks the dependencies of your project to a known state",
        "Read more about it at http://getcomposer.org/doc/01-basic-usage.md#composer-lock-the-lock-file",
        "This file is @generated automatically"
    ],
    "hash": "4d04069d156500725c3cd25488a045fe",
    "packages": [],
    "packages-dev": [
        {
            "name": "dxw/phar-install",
            "version": "dev-master",
            "source": {
                "type": "git",
                "url": "https://github.com/dxw/phar-install.git",
                "reference": "7cdc3081296a1009393382ccb338461a747e5732"
            },
            "dist": {
                "type": "zip",
                "url": "https://api.github.com/repos/dxw/phar-install/zipball/7cdc3081296a1009393382ccb338461a747e5732",
                "reference": "7cdc3081296a1009393382ccb338461a747e5732",
                "shasum": ""
            },
            "bin": [
                "bin/phar-install"
            ],
            "type": "library",
            "notification-url": "https://packagist.org/downloads/",
            "license": [
                "MIT"
            ],
            "authors": [
                {
                    "name": "Tom Adams",
                    "email": "tom@dxw.com",
                    "homepage": "http://dxw.com"
                }
            ],
            "homepage": "https://github.com/dxw/phar-install",
            "time": "2016-02-17 13:55:06"
        }
    ],
    "aliases": [],
    "minimum-stability": "stable",
    "stability-flags": {
        "dxw/phar-install": 20
    },
    "prefer-stable": false,
    "prefer-lowest": false,
    "platform": [],
    "platform-dev": []
}
